
Microsoft Visual Studio Solution File, Format Version 12.00
# Visual Studio 15
Project("{FAE04EC0-301F-11D3-BF4B-00C04F79EFBC}") = "UnityEngine.UI", "UnityEngine.UI.csproj", "{E66BFF5D-2772-B4F2-2EFE-8214EE003DE3}"
EndProject
Project("{FAE04EC0-301F-11D3-BF4B-00C04F79EFBC}") = "UnityEngine.TestRunner", "UnityEngine.TestRunner.csproj", "{290FFC00-0AF3-537F-1545-3CBFDF6178D7}"
EndProject
Project("{FAE04EC0-301F-11D3-BF4B-00C04F79EFBC}") = "PhotonUnityNetworking.Demos", "PhotonUnityNetworking.Demos.csproj", "{E4A4FEAB-5D0D-3E08-4A9C-D3A9A7D78C6F}"
EndProject
Project("{FAE04EC0-301F-11D3-BF4B-00C04F79EFBC}") = "PhotonUnityNetworking.Utilities", "PhotonUnityNetworking.Utilities.csproj", "{AF02FDDE-DC15-A634-70F4-58D215326EBA}"
EndProject
Project("{FAE04EC0-301F-11D3-BF4B-00C04F79EFBC}") = "Unity.TextMeshPro", "Unity.TextMeshPro.csproj", "{6F916131-4CB9-5315-8B95-EB5D4AE95183}"
EndProject
Project("{FAE04EC0-301F-11D3-BF4B-00C04F79EFBC}") = "Unity.Timeline", "Unity.Timeline.csproj", "{B24D54FE-3FE3-A54C-1AED-8667095D085C}"
EndProject
Project("{FAE04EC0-301F-11D3-BF4B-00C04F79EFBC}") = "PhotonChat", "PhotonChat.csproj", "{FB515A28-F1C5-002D-BE65-4CAB06DF4102}"
EndProject
Project("{FAE04EC0-301F-11D3-BF4B-00C04F79EFBC}") = "Assembly-CSharp", "Assembly-CSharp.csproj", "{93BBF834-7251-E4A5-A7F6-FEEE79C5931C}"
EndProject
Project("{FAE04EC0-301F-11D3-BF4B-00C04F79EFBC}") = "PhotonUnityNetworking", "PhotonUnityNetworking.csproj", "{2E2668DB-6435-AACB-A012-3ADD552F28DB}"
EndProject
Project("{FAE04EC0-301F-11D3-BF4B-00C04F79EFBC}") = "PhotonRealtime", "PhotonRealtime.csproj", "{31CA5A75-069B-D0C1-1F1E-E1B7D8960367}"
EndProject
Project("{FAE04EC0-301F-11D3-BF4B-00C04F79EFBC}") = "UnityEditor.TestRunner", "UnityEditor.TestRunner.csproj", "{2E2711F9-6609-B3D4-C204-A4D68A3EBCC3}"
EndProject
Project("{FAE04EC0-301F-11D3-BF4B-00C04F79EFBC}") = "Unity.VisualStudio.Editor", "Unity.VisualStudio.Editor.csproj", "{326507FB-ECC1-CB8C-E714-1B4A7431077A}"
EndProject
Project("{FAE04EC0-301F-11D3-BF4B-00C04F79EFBC}") = "Unity.TextMeshPro.Editor", "Unity.TextMeshPro.Editor.csproj", "{462ACC81-7082-2588-22C9-CD80B0D45449}"
EndProject
Project("{FAE04EC0-301F-11D3-BF4B-00C04F79EFBC}") = "Unity.Timeline.Editor", "Unity.Timeline.Editor.csproj", "{6138A186-DEB9-864C-32EC-15FFEB9338C4}"
EndProject
Project("{FAE04EC0-301F-11D3-BF4B-00C04F79EFBC}") = "Unity.PlasticSCM.Editor", "Unity.PlasticSCM.Editor.csproj", "{0CCD3704-5FD5-AA0E-208D-2F817E5B558A}"
EndProject
Project("{FAE04EC0-301F-11D3-BF4B-00C04F79EFBC}") = "UnityEditor.UI", "UnityEditor.UI.csproj", "{212ED3C1-2FE4-879C-3F09-270B8312C1F9}"
EndProject
Project("{FAE04EC0-301F-11D3-BF4B-00C04F79EFBC}") = "Unity.Rider.Editor", "Unity.Rider.Editor.csproj", "{4A8552FC-489D-D987-61C9-28CF4ECE4B14}"
EndProject
Project("{FAE04EC0-301F-11D3-BF4B-00C04F79EFBC}") = "Unity.CollabProxy.Editor", "Unity.CollabProxy.Editor.csproj", "{ED08B6BE-14B7-25B5-8F99-0EC32CF4EE76}"
EndProject
Project("{FAE04EC0-301F-11D3-BF4B-00C04F79EFBC}") = "Unity.VSCode.Editor", "Unity.VSCode.Editor.csproj", "{8D7AD757-396D-5B01-C64B-EA85AC5268F4}"
EndProject
Project("{FAE04EC0-301F-11D3-BF4B-00C04F79EFBC}") = "PhotonUnityNetworking.Editor", "PhotonUnityNetworking.Editor.csproj", "{A0D4E16B-AAA4-98DC-4213-2718865ED16A}"
EndProject
Project("{FAE04EC0-301F-11D3-BF4B-00C04F79EFBC}") = "PunDemos.DemoHubEditor", "PunDemos.DemoHubEditor.csproj", "{2360ABFD-99D1-7BD3-838C-E69C369F2209}"
EndProject
Project("{FAE04EC0-301F-11D3-BF4B-00C04F79EFBC}") = "PhotonUnityNetworking.Utilities.PhotonPlayer.Editor", "PhotonUnityNetworking.Utilities.PhotonPlayer.Editor.csproj", "{106B3057-219C-221A-60C8-C3F3BCD47440}"
EndProject
Project("{FAE04EC0-301F-11D3-BF4B-00C04F79EFBC}") = "PhotonUnityNetworking.Utilities.Culling.Editor", "PhotonUnityNetworking.Utilities.Culling.Editor.csproj", "{5FD7679E-E8AC-97C9-1AE8-759E9025006A}"
EndProject
Project("{FAE04EC0-301F-11D3-BF4B-00C04F79EFBC}") = "PunDemos.DemoSlotcarEditor", "PunDemos.DemoSlotcarEditor.csproj", "{226A53CB-9DB7-E8AB-507A-4601CA503D26}"
EndProject
Project("{FAE04EC0-301F-11D3-BF4B-00C04F79EFBC}") = "UnityEngine.UI", "UnityEngine.UI.Player.csproj", "{0BEDF0D8-9851-64E1-452C-CC39BC056DD9}"
EndProject
Project("{FAE04EC0-301F-11D3-BF4B-00C04F79EFBC}") = "UnityEngine.TestRunner", "UnityEngine.TestRunner.Player.csproj", "{3B75BD8F-C8D4-8E58-84D3-EE0EDEEFE65F}"
EndProject
Project("{FAE04EC0-301F-11D3-BF4B-00C04F79EFBC}") = "PhotonUnityNetworking.Demos", "PhotonUnityNetworking.Demos.Player.csproj", "{FA54506C-5C99-DEE0-DA49-57B2290F3036}"
EndProject
Project("{FAE04EC0-301F-11D3-BF4B-00C04F79EFBC}") = "PhotonUnityNetworking.Utilities", "PhotonUnityNetworking.Utilities.Player.csproj", "{BE93A86A-A0CB-2554-5CF3-C255A537CB01}"
EndProject
Project("{FAE04EC0-301F-11D3-BF4B-00C04F79EFBC}") = "Unity.TextMeshPro", "Unity.TextMeshPro.Player.csproj", "{8D834D9B-D06F-C415-E39A-D6ED54FFC92B}"
EndProject
Project("{FAE04EC0-301F-11D3-BF4B-00C04F79EFBC}") = "Unity.Timeline", "Unity.Timeline.Player.csproj", "{FEA9BE0D-06BD-5334-B4A9-93B3E39AE44E}"
EndProject
Project("{FAE04EC0-301F-11D3-BF4B-00C04F79EFBC}") = "PhotonChat", "PhotonChat.Player.csproj", "{16C84BFD-24B4-5D46-1B9D-2997D744950F}"
EndProject
Project("{FAE04EC0-301F-11D3-BF4B-00C04F79EFBC}") = "Assembly-CSharp", "Assembly-CSharp.Player.csproj", "{B6514EBD-A425-095E-6D16-216FEBC96A22}"
EndProject
Project("{FAE04EC0-301F-11D3-BF4B-00C04F79EFBC}") = "PhotonUnityNetworking", "PhotonUnityNetworking.Player.csproj", "{3424319C-93F0-1DF3-09F0-628A6621F385}"
EndProject
Project("{FAE04EC0-301F-11D3-BF4B-00C04F79EFBC}") = "PhotonRealtime", "PhotonRealtime.Player.csproj", "{F96942EE-2848-6F8E-F204-941EDDC2EEFA}"
EndProject
Global
	GlobalSection(SolutionConfigurationPlatforms) = preSolution
		Debug|Any CPU = Debug|Any CPU
		Release|Any CPU = Release|Any CPU
	EndGlobalSection
	GlobalSection(ProjectConfigurationPlatforms) = postSolution
		{E66BFF5D-2772-B4F2-2EFE-8214EE003DE3}.Debug|Any CPU.ActiveCfg = Debug|Any CPU
		{E66BFF5D-2772-B4F2-2EFE-8214EE003DE3}.Debug|Any CPU.Build.0 = Debug|Any CPU
		{E66BFF5D-2772-B4F2-2EFE-8214EE003DE3}.Release|Any CPU.ActiveCfg = Release|Any CPU
		{E66BFF5D-2772-B4F2-2EFE-8214EE003DE3}.Release|Any CPU.Build.0 = Release|Any CPU
		{290FFC00-0AF3-537F-1545-3CBFDF6178D7}.Debug|Any CPU.ActiveCfg = Debug|Any CPU
		{290FFC00-0AF3-537F-1545-3CBFDF6178D7}.Debug|Any CPU.Build.0 = Debug|Any CPU
		{290FFC00-0AF3-537F-1545-3CBFDF6178D7}.Release|Any CPU.ActiveCfg = Release|Any CPU
		{290FFC00-0AF3-537F-1545-3CBFDF6178D7}.Release|Any CPU.Build.0 = Release|Any CPU
		{E4A4FEAB-5D0D-3E08-4A9C-D3A9A7D78C6F}.Debug|Any CPU.ActiveCfg = Debug|Any CPU
		{E4A4FEAB-5D0D-3E08-4A9C-D3A9A7D78C6F}.Debug|Any CPU.Build.0 = Debug|Any CPU
		{E4A4FEAB-5D0D-3E08-4A9C-D3A9A7D78C6F}.Release|Any CPU.ActiveCfg = Release|Any CPU
		{E4A4FEAB-5D0D-3E08-4A9C-D3A9A7D78C6F}.Release|Any CPU.Build.0 = Release|Any CPU
		{AF02FDDE-DC15-A634-70F4-58D215326EBA}.Debug|Any CPU.ActiveCfg = Debug|Any CPU
		{AF02FDDE-DC15-A634-70F4-58D215326EBA}.Debug|Any CPU.Build.0 = Debug|Any CPU
		{AF02FDDE-DC15-A634-70F4-58D215326EBA}.Release|Any CPU.ActiveCfg = Release|Any CPU
		{AF02FDDE-DC15-A634-70F4-58D215326EBA}.Release|Any CPU.Build.0 = Release|Any CPU
		{6F916131-4CB9-5315-8B95-EB5D4AE95183}.Debug|Any CPU.ActiveCfg = Debug|Any CPU
		{6F916131-4CB9-5315-8B95-EB5D4AE95183}.Debug|Any CPU.Build.0 = Debug|Any CPU
		{6F916131-4CB9-5315-8B95-EB5D4AE95183}.Release|Any CPU.ActiveCfg = Release|Any CPU
		{6F916131-4CB9-5315-8B95-EB5D4AE95183}.Release|Any CPU.Build.0 = Release|Any CPU
		{B24D54FE-3FE3-A54C-1AED-8667095D085C}.Debug|Any CPU.ActiveCfg = Debug|Any CPU
		{B24D54FE-3FE3-A54C-1AED-8667095D085C}.Debug|Any CPU.Build.0 = Debug|Any CPU
		{B24D54FE-3FE3-A54C-1AED-8667095D085C}.Release|Any CPU.ActiveCfg = Release|Any CPU
		{B24D54FE-3FE3-A54C-1AED-8667095D085C}.Release|Any CPU.Build.0 = Release|Any CPU
		{FB515A28-F1C5-002D-BE65-4CAB06DF4102}.Debug|Any CPU.ActiveCfg = Debug|Any CPU
		{FB515A28-F1C5-002D-BE65-4CAB06DF4102}.Debug|Any CPU.Build.0 = Debug|Any CPU
		{FB515A28-F1C5-002D-BE65-4CAB06DF4102}.Release|Any CPU.ActiveCfg = Release|Any CPU
		{FB515A28-F1C5-002D-BE65-4CAB06DF4102}.Release|Any CPU.Build.0 = Release|Any CPU
		{93BBF834-7251-E4A5-A7F6-FEEE79C5931C}.Debug|Any CPU.ActiveCfg = Debug|Any CPU
		{93BBF834-7251-E4A5-A7F6-FEEE79C5931C}.Debug|Any CPU.Build.0 = Debug|Any CPU
		{93BBF834-7251-E4A5-A7F6-FEEE79C5931C}.Release|Any CPU.ActiveCfg = Release|Any CPU
		{93BBF834-7251-E4A5-A7F6-FEEE79C5931C}.Release|Any CPU.Build.0 = Release|Any CPU
		{2E2668DB-6435-AACB-A012-3ADD552F28DB}.Debug|Any CPU.ActiveCfg = Debug|Any CPU
		{2E2668DB-6435-AACB-A012-3ADD552F28DB}.Debug|Any CPU.Build.0 = Debug|Any CPU
		{2E2668DB-6435-AACB-A012-3ADD552F28DB}.Release|Any CPU.ActiveCfg = Release|Any CPU
		{2E2668DB-6435-AACB-A012-3ADD552F28DB}.Release|Any CPU.Build.0 = Release|Any CPU
		{31CA5A75-069B-D0C1-1F1E-E1B7D8960367}.Debug|Any CPU.ActiveCfg = Debug|Any CPU
		{31CA5A75-069B-D0C1-1F1E-E1B7D8960367}.Debug|Any CPU.Build.0 = Debug|Any CPU
		{31CA5A75-069B-D0C1-1F1E-E1B7D8960367}.Release|Any CPU.ActiveCfg = Release|Any CPU
		{31CA5A75-069B-D0C1-1F1E-E1B7D8960367}.Release|Any CPU.Build.0 = Release|Any CPU
		{2E2711F9-6609-B3D4-C204-A4D68A3EBCC3}.Debug|Any CPU.ActiveCfg = Debug|Any CPU
		{2E2711F9-6609-B3D4-C204-A4D68A3EBCC3}.Debug|Any CPU.Build.0 = Debug|Any CPU
		{2E2711F9-6609-B3D4-C204-A4D68A3EBCC3}.Release|Any CPU.ActiveCfg = Release|Any CPU
		{2E2711F9-6609-B3D4-C204-A4D68A3EBCC3}.Release|Any CPU.Build.0 = Release|Any CPU
		{326507FB-ECC1-CB8C-E714-1B4A7431077A}.Debug|Any CPU.ActiveCfg = Debug|Any CPU
		{326507FB-ECC1-CB8C-E714-1B4A7431077A}.Debug|Any CPU.Build.0 = Debug|Any CPU
		{326507FB-ECC1-CB8C-E714-1B4A7431077A}.Release|Any CPU.ActiveCfg = Release|Any CPU
		{326507FB-ECC1-CB8C-E714-1B4A7431077A}.Release|Any CPU.Build.0 = Release|Any CPU
		{462ACC81-7082-2588-22C9-CD80B0D45449}.Debug|Any CPU.ActiveCfg = Debug|Any CPU
		{462ACC81-7082-2588-22C9-CD80B0D45449}.Debug|Any CPU.Build.0 = Debug|Any CPU
		{462ACC81-7082-2588-22C9-CD80B0D45449}.Release|Any CPU.ActiveCfg = Release|Any CPU
		{462ACC81-7082-2588-22C9-CD80B0D45449}.Release|Any CPU.Build.0 = Release|Any CPU
		{6138A186-DEB9-864C-32EC-15FFEB9338C4}.Debug|Any CPU.ActiveCfg = Debug|Any CPU
		{6138A186-DEB9-864C-32EC-15FFEB9338C4}.Debug|Any CPU.Build.0 = Debug|Any CPU
		{6138A186-DEB9-864C-32EC-15FFEB9338C4}.Release|Any CPU.ActiveCfg = Release|Any CPU
		{6138A186-DEB9-864C-32EC-15FFEB9338C4}.Release|Any CPU.Build.0 = Release|Any CPU
		{0CCD3704-5FD5-AA0E-208D-2F817E5B558A}.Debug|Any CPU.ActiveCfg = Debug|Any CPU
		{0CCD3704-5FD5-AA0E-208D-2F817E5B558A}.Debug|Any CPU.Build.0 = Debug|Any CPU
		{0CCD3704-5FD5-AA0E-208D-2F817E5B558A}.Release|Any CPU.ActiveCfg = Release|Any CPU
		{0CCD3704-5FD5-AA0E-208D-2F817E5B558A}.Release|Any CPU.Build.0 = Release|Any CPU
		{212ED3C1-2FE4-879C-3F09-270B8312C1F9}.Debug|Any CPU.ActiveCfg = Debug|Any CPU
		{212ED3C1-2FE4-879C-3F09-270B8312C1F9}.Debug|Any CPU.Build.0 = Debug|Any CPU
		{212ED3C1-2FE4-879C-3F09-270B8312C1F9}.Release|Any CPU.ActiveCfg = Release|Any CPU
		{212ED3C1-2FE4-879C-3F09-270B8312C1F9}.Release|Any CPU.Build.0 = Release|Any CPU
		{4A8552FC-489D-D987-61C9-28CF4ECE4B14}.Debug|Any CPU.ActiveCfg = Debug|Any CPU
		{4A8552FC-489D-D987-61C9-28CF4ECE4B14}.Debug|Any CPU.Build.0 = Debug|Any CPU
		{4A8552FC-489D-D987-61C9-28CF4ECE4B14}.Release|Any CPU.ActiveCfg = Release|Any CPU
		{4A8552FC-489D-D987-61C9-28CF4ECE4B14}.Release|Any CPU.Build.0 = Release|Any CPU
		{ED08B6BE-14B7-25B5-8F99-0EC32CF4EE76}.Debug|Any CPU.ActiveCfg = Debug|Any CPU
		{ED08B6BE-14B7-25B5-8F99-0EC32CF4EE76}.Debug|Any CPU.Build.0 = Debug|Any CPU
		{ED08B6BE-14B7-25B5-8F99-0EC32CF4EE76}.Release|Any CPU.ActiveCfg = Release|Any CPU
		{ED08B6BE-14B7-25B5-8F99-0EC32CF4EE76}.Release|Any CPU.Build.0 = Release|Any CPU
		{8D7AD757-396D-5B01-C64B-EA85AC5268F4}.Debug|Any CPU.ActiveCfg = Debug|Any CPU
		{8D7AD757-396D-5B01-C64B-EA85AC5268F4}.Debug|Any CPU.Build.0 = Debug|Any CPU
		{8D7AD757-396D-5B01-C64B-EA85AC5268F4}.Release|Any CPU.ActiveCfg = Release|Any CPU
		{8D7AD757-396D-5B01-C64B-EA85AC5268F4}.Release|Any CPU.Build.0 = Release|Any CPU
		{A0D4E16B-AAA4-98DC-4213-2718865ED16A}.Debug|Any CPU.ActiveCfg = Debug|Any CPU
		{A0D4E16B-AAA4-98DC-4213-2718865ED16A}.Debug|Any CPU.Build.0 = Debug|Any CPU
		{A0D4E16B-AAA4-98DC-4213-2718865ED16A}.Release|Any CPU.ActiveCfg = Release|Any CPU
		{A0D4E16B-AAA4-98DC-4213-2718865ED16A}.Release|Any CPU.Build.0 = Release|Any CPU
		{2360ABFD-99D1-7BD3-838C-E69C369F2209}.Debug|Any CPU.ActiveCfg = Debug|Any CPU
		{2360ABFD-99D1-7BD3-838C-E69C369F2209}.Debug|Any CPU.Build.0 = Debug|Any CPU
		{2360ABFD-99D1-7BD3-838C-E69C369F2209}.Release|Any CPU.ActiveCfg = Release|Any CPU
		{2360ABFD-99D1-7BD3-838C-E69C369F2209}.Release|Any CPU.Build.0 = Release|Any CPU
		{106B3057-219C-221A-60C8-C3F3BCD47440}.Debug|Any CPU.ActiveCfg = Debug|Any CPU
		{106B3057-219C-221A-60C8-C3F3BCD47440}.Debug|Any CPU.Build.0 = Debug|Any CPU
		{106B3057-219C-221A-60C8-C3F3BCD47440}.Release|Any CPU.ActiveCfg = Release|Any CPU
		{106B3057-219C-221A-60C8-C3F3BCD47440}.Release|Any CPU.Build.0 = Release|Any CPU
		{5FD7679E-E8AC-97C9-1AE8-759E9025006A}.Debug|Any CPU.ActiveCfg = Debug|Any CPU
		{5FD7679E-E8AC-97C9-1AE8-759E9025006A}.Debug|Any CPU.Build.0 = Debug|Any CPU
		{5FD7679E-E8AC-97C9-1AE8-759E9025006A}.Release|Any CPU.ActiveCfg = Release|Any CPU
		{5FD7679E-E8AC-97C9-1AE8-759E9025006A}.Release|Any CPU.Build.0 = Release|Any CPU
		{226A53CB-9DB7-E8AB-507A-4601CA503D26}.Debug|Any CPU.ActiveCfg = Debug|Any CPU
		{226A53CB-9DB7-E8AB-507A-4601CA503D26}.Debug|Any CPU.Build.0 = Debug|Any CPU
		{226A53CB-9DB7-E8AB-507A-4601CA503D26}.Release|Any CPU.ActiveCfg = Release|Any CPU
		{226A53CB-9DB7-E8AB-507A-4601CA503D26}.Release|Any CPU.Build.0 = Release|Any CPU
		{0BEDF0D8-9851-64E1-452C-CC39BC056DD9}.Debug|Any CPU.ActiveCfg = Debug|Any CPU
		{0BEDF0D8-9851-64E1-452C-CC39BC056DD9}.Debug|Any CPU.Build.0 = Debug|Any CPU
		{0BEDF0D8-9851-64E1-452C-CC39BC056DD9}.Release|Any CPU.ActiveCfg = Release|Any CPU
		{0BEDF0D8-9851-64E1-452C-CC39BC056DD9}.Release|Any CPU.Build.0 = Release|Any CPU
		{3B75BD8F-C8D4-8E58-84D3-EE0EDEEFE65F}.Debug|Any CPU.ActiveCfg = Debug|Any CPU
		{3B75BD8F-C8D4-8E58-84D3-EE0EDEEFE65F}.Debug|Any CPU.Build.0 = Debug|Any CPU
		{3B75BD8F-C8D4-8E58-84D3-EE0EDEEFE65F}.Release|Any CPU.ActiveCfg = Release|Any CPU
		{3B75BD8F-C8D4-8E58-84D3-EE0EDEEFE65F}.Release|Any CPU.Build.0 = Release|Any CPU
		{FA54506C-5C99-DEE0-DA49-57B2290F3036}.Debug|Any CPU.ActiveCfg = Debug|Any CPU
		{FA54506C-5C99-DEE0-DA49-57B2290F3036}.Debug|Any CPU.Build.0 = Debug|Any CPU
		{FA54506C-5C99-DEE0-DA49-57B2290F3036}.Release|Any CPU.ActiveCfg = Release|Any CPU
		{FA54506C-5C99-DEE0-DA49-57B2290F3036}.Release|Any CPU.Build.0 = Release|Any CPU
		{BE93A86A-A0CB-2554-5CF3-C255A537CB01}.Debug|Any CPU.ActiveCfg = Debug|Any CPU
		{BE93A86A-A0CB-2554-5CF3-C255A537CB01}.Debug|Any CPU.Build.0 = Debug|Any CPU
		{BE93A86A-A0CB-2554-5CF3-C255A537CB01}.Release|Any CPU.ActiveCfg = Release|Any CPU
		{BE93A86A-A0CB-2554-5CF3-C255A537CB01}.Release|Any CPU.Build.0 = Release|Any CPU
		{8D834D9B-D06F-C415-E39A-D6ED54FFC92B}.Debug|Any CPU.ActiveCfg = Debug|Any CPU
		{8D834D9B-D06F-C415-E39A-D6ED54FFC92B}.Debug|Any CPU.Build.0 = Debug|Any CPU
		{8D834D9B-D06F-C415-E39A-D6ED54FFC92B}.Release|Any CPU.ActiveCfg = Release|Any CPU
		{8D834D9B-D06F-C415-E39A-D6ED54FFC92B}.Release|Any CPU.Build.0 = Release|Any CPU
		{FEA9BE0D-06BD-5334-B4A9-93B3E39AE44E}.Debug|Any CPU.ActiveCfg = Debug|Any CPU
		{FEA9BE0D-06BD-5334-B4A9-93B3E39AE44E}.Debug|Any CPU.Build.0 = Debug|Any CPU
		{FEA9BE0D-06BD-5334-B4A9-93B3E39AE44E}.Release|Any CPU.ActiveCfg = Release|Any CPU
		{FEA9BE0D-06BD-5334-B4A9-93B3E39AE44E}.Release|Any CPU.Build.0 = Release|Any CPU
		{16C84BFD-24B4-5D46-1B9D-2997D744950F}.Debug|Any CPU.ActiveCfg = Debug|Any CPU
		{16C84BFD-24B4-5D46-1B9D-2997D744950F}.Debug|Any CPU.Build.0 = Debug|Any CPU
		{16C84BFD-24B4-5D46-1B9D-2997D744950F}.Release|Any CPU.ActiveCfg = Release|Any CPU
		{16C84BFD-24B4-5D46-1B9D-2997D744950F}.Release|Any CPU.Build.0 = Release|Any CPU
		{B6514EBD-A425-095E-6D16-216FEBC96A22}.Debug|Any CPU.ActiveCfg = Debug|Any CPU
		{B6514EBD-A425-095E-6D16-216FEBC96A22}.Debug|Any CPU.Build.0 = Debug|Any CPU
		{B6514EBD-A425-095E-6D16-216FEBC96A22}.Release|Any CPU.ActiveCfg = Release|Any CPU
		{B6514EBD-A425-095E-6D16-216FEBC96A22}.Release|Any CPU.Build.0 = Release|Any CPU
		{3424319C-93F0-1DF3-09F0-628A6621F385}.Debug|Any CPU.ActiveCfg = Debug|Any CPU
		{3424319C-93F0-1DF3-09F0-628A6621F385}.Debug|Any CPU.Build.0 = Debug|Any CPU
		{3424319C-93F0-1DF3-09F0-628A6621F385}.Release|Any CPU.ActiveCfg = Release|Any CPU
		{3424319C-93F0-1DF3-09F0-628A6621F385}.Release|Any CPU.Build.0 = Release|Any CPU
		{F96942EE-2848-6F8E-F204-941EDDC2EEFA}.Debug|Any CPU.ActiveCfg = Debug|Any CPU
		{F96942EE-2848-6F8E-F204-941EDDC2EEFA}.Debug|Any CPU.Build.0 = Debug|Any CPU
		{F96942EE-2848-6F8E-F204-941EDDC2EEFA}.Release|Any CPU.ActiveCfg = Release|Any CPU
		{F96942EE-2848-6F8E-F204-941EDDC2EEFA}.Release|Any CPU.Build.0 = Release|Any CPU
	EndGlobalSection
	GlobalSection(SolutionProperties) = preSolution
		HideSolutionNode = FALSE
	EndGlobalSection
EndGlobal
